
Microsoft Visual Studio Solution File, Format Version 11.00
# Visual C# Express 2010
Project("{FAE04EC0-301F-11D3-BF4B-00C04F79EFBC}") = "Parametri in MODBUS", "Parametri in MODBUS\Parametri in MODBUS.csproj", "{D3C64802-E83F-4247-8542-9E3255FC6190}"
EndProject
Global
	GlobalSection(SolutionConfigurationPlatforms) = preSolution
		Debug|Any CPU = Debug|Any CPU
		Release|Any CPU = Release|Any CPU
	EndGlobalSection
	GlobalSection(ProjectConfigurationPlatforms) = postSolution
		{D3C64802-E83F-4247-8542-9E3255FC6190}.Debug|Any CPU.ActiveCfg = Debug|Any CPU
		{D3C64802-E83F-4247-8542-9E3255FC6190}.Debug|Any CPU.Build.0 = Debug|Any CPU
		{D3C64802-E83F-4247-8542-9E3255FC6190}.Release|Any CPU.ActiveCfg = Release|Any CPU
		{D3C64802-E83F-4247-8542-9E3255FC6190}.Release|Any CPU.Build.0 = Release|Any CPU
	EndGlobalSection
	GlobalSection(SolutionProperties) = preSolution
		HideSolutionNode = FALSE
	EndGlobalSection
EndGlobal
