
Microsoft Visual Studio Solution File, Format Version 11.00
# Visual Studio 2010
Project("{FAE04EC0-301F-11D3-BF4B-00C04F79EFBC}") = "AnoniMail", "AnoniMail\AnoniMail.csproj", "{77F36838-8B66-42BB-A1BE-B030BD04A8CE}"
EndProject
Global
	GlobalSection(SolutionConfigurationPlatforms) = preSolution
		Debug|x86 = Debug|x86
		Release|x86 = Release|x86
	EndGlobalSection
	GlobalSection(ProjectConfigurationPlatforms) = postSolution
		{77F36838-8B66-42BB-A1BE-B030BD04A8CE}.Debug|x86.ActiveCfg = Debug|x86
		{77F36838-8B66-42BB-A1BE-B030BD04A8CE}.Debug|x86.Build.0 = Debug|x86
		{77F36838-8B66-42BB-A1BE-B030BD04A8CE}.Release|x86.ActiveCfg = Release|x86
		{77F36838-8B66-42BB-A1BE-B030BD04A8CE}.Release|x86.Build.0 = Release|x86
	EndGlobalSection
	GlobalSection(SolutionProperties) = preSolution
		HideSolutionNode = FALSE
	EndGlobalSection
EndGlobal
